
Microsoft Visual Studio Solution File, Format Version 12.00
# Visual Studio Version 17
VisualStudioVersion = 17.13.35828.75 d17.13
MinimumVisualStudioVersion = 10.0.40219.1
Project("{FAE04EC0-301F-11D3-BF4B-00C04F79EFBC}") = "TouchMacro", "TouchMacro.csproj", "{08A6C0A3-11F0-4C63-810B-BE9D54F0B8FB}"
EndProject
Global
	GlobalSection(SolutionConfigurationPlatforms) = preSolution
		Debug|Any CPU = Debug|Any CPU
		Release|Any CPU = Release|Any CPU
	EndGlobalSection
	GlobalSection(ProjectConfigurationPlatforms) = postSolution
		{08A6C0A3-11F0-4C63-810B-BE9D54F0B8FB}.Debug|Any CPU.ActiveCfg = Debug|Any CPU
		{08A6C0A3-11F0-4C63-810B-BE9D54F0B8FB}.Debug|Any CPU.Build.0 = Debug|Any CPU
		{08A6C0A3-11F0-4C63-810B-BE9D54F0B8FB}.Debug|Any CPU.Deploy.0 = Debug|Any CPU
		{08A6C0A3-11F0-4C63-810B-BE9D54F0B8FB}.Release|Any CPU.ActiveCfg = Release|Any CPU
		{08A6C0A3-11F0-4C63-810B-BE9D54F0B8FB}.Release|Any CPU.Build.0 = Release|Any CPU
		{08A6C0A3-11F0-4C63-810B-BE9D54F0B8FB}.Release|Any CPU.Deploy.0 = Release|Any CPU
	EndGlobalSection
	GlobalSection(SolutionProperties) = preSolution
		HideSolutionNode = FALSE
	EndGlobalSection
	GlobalSection(ExtensibilityGlobals) = postSolution
		SolutionGuid = {8D2C2BAF-7E67-45BA-AF43-139F8A2C6BAF}
	EndGlobalSection
EndGlobal
